// !$*UTF8*$!
{
	archiveVersion = 1;
	classes = {
	};
	objectVersion = 46;
	objects = {

/* Begin PBXBuildFile section */
		1089D8DF1F46EBD800105D86 /* AppDelegate.swift in Sources */ = {isa = PBXBuildFile; fileRef = 1089D8DE1F46EBD800105D86 /* AppDelegate.swift */; };
		1089D8E11F46EBD800105D86 /* ViewController.swift in Sources */ = {isa = PBXBuildFile; fileRef = 1089D8E01F46EBD800105D86 /* ViewController.swift */; };
		1089D8E41F46EBD800105D86 /* Main.storyboard in Resources */ = {isa = PBXBuildFile; fileRef = 1089D8E21F46EBD800105D86 /* Main.storyboard */; };
		1089D8E61F46EBD800105D86 /* Assets.xcassets in Resources */ = {isa = PBXBuildFile; fileRef = 1089D8E51F46EBD800105D86 /* Assets.xcassets */; };
		1089D8E91F46EBD800105D86 /* LaunchScreen.storyboard in Resources */ = {isa = PBXBuildFile; fileRef = 1089D8E71F46EBD800105D86 /* LaunchScreen.storyboard */; };
		1089D8F31F46FCF200105D86 /* ClockFace.jpg in Resources */ = {isa = PBXBuildFile; fileRef = 1089D8F21F46FCF200105D86 /* ClockFace.jpg */; };
		4C2C13962256F28300503F81 /* Date+Extension.swift in Sources */ = {isa = PBXBuildFile; fileRef = 4C2C13952256F28300503F81 /* Date+Extension.swift */; };
		D65EC4032256471A000D01B6 /* AnalogClockView.swift in Sources */ = {isa = PBXBuildFile; fileRef = D65EC4022256471A000D01B6 /* AnalogClockView.swift */; };
/* End PBXBuildFile section */

/* Begin PBXFileReference section */
		1089D8DB1F46EBD800105D86 /* AnalogClock.app */ = {isa = PBXFileReference; explicitFileType = wrapper.application; includeInIndex = 0; path = AnalogClock.app; sourceTree = BUILT_PRODUCTS_DIR; };
		1089D8DE1F46EBD800105D86 /* AppDelegate.swift */ = {isa = PBXFileReference; lastKnownFileType = sourcecode.swift; path = AppDelegate.swift; sourceTree = "<group>"; };
		1089D8E01F46EBD800105D86 /* ViewController.swift */ = {isa = PBXFileReference; lastKnownFileType = sourcecode.swift; path = ViewController.swift; sourceTree = "<group>"; };
		1089D8E31F46EBD800105D86 /* Base */ = {isa = PBXFileReference; lastKnownFileType = file.storyboard; name = Base; path = Base.lproj/Main.storyboard; sourceTree = "<group>"; };
		1089D8E51F46EBD800105D86 /* Assets.xcassets */ = {isa = PBXFileReference; lastKnownFileType = folder.assetcatalog; path = Assets.xcassets; sourceTree = "<group>"; };
		1089D8E81F46EBD800105D86 /* Base */ = {isa = PBXFileReference; lastKnownFileType = file.storyboard; name = Base; path = Base.lproj/LaunchScreen.storyboard; sourceTree = "<group>"; };
		1089D8EA1F46EBD800105D86 /* Info.plist */ = {isa = PBXFileReference; lastKnownFileType = text.plist.xml; path = Info.plist; sourceTree = "<group>"; };
		1089D8F21F46FCF200105D86 /* ClockFace.jpg */ = {isa = PBXFileReference; lastKnownFileType = image.jpeg; path = ClockFace.jpg; sourceTree = SOURCE_ROOT; };
		4C2C13952256F28300503F81 /* Date+Extension.swift */ = {isa = PBXFileReference; lastKnownFileType = sourcecode.swift; path = "Date+Extension.swift"; sourceTree = "<group>"; };
		D65EC4022256471A000D01B6 /* AnalogClockView.swift */ = {isa = PBXFileReference; lastKnownFileType = sourcecode.swift; path = AnalogClockView.swift; sourceTree = "<group>"; };
/* End PBXFileReference section */

/* Begin PBXFrameworksBuildPhase section */
		1089D8D81F46EBD700105D86 /* Frameworks */ = {
			isa = PBXFrameworksBuildPhase;
			buildActionMask = 2147483647;
			files = (
			);
			runOnlyForDeploymentPostprocessing = 0;
		};
/* End PBXFrameworksBuildPhase section */

/* Begin PBXGroup section */
		1089D8D21F46EBD700105D86 = {
			isa = PBXGroup;
			children = (
				1089D8DD1F46EBD800105D86 /* AnalogClock */,
				1089D8DC1F46EBD800105D86 /* Products */,
			);
			sourceTree = "<group>";
		};
		1089D8DC1F46EBD800105D86 /* Products */ = {
			isa = PBXGroup;
			children = (
				1089D8DB1F46EBD800105D86 /* AnalogClock.app */,
			);
			name = Products;
			sourceTree = "<group>";
		};
		1089D8DD1F46EBD800105D86 /* AnalogClock */ = {
			isa = PBXGroup;
			children = (
				4C1A7B2E225715A8004B4FC2 /* Source */,
				1089D8DE1F46EBD800105D86 /* AppDelegate.swift */,
				1089D8E01F46EBD800105D86 /* ViewController.swift */,
				1089D8E21F46EBD800105D86 /* Main.storyboard */,
				1089D8E51F46EBD800105D86 /* Assets.xcassets */,
				1089D8E71F46EBD800105D86 /* LaunchScreen.storyboard */,
				1089D8EA1F46EBD800105D86 /* Info.plist */,
				1089D8F21F46FCF200105D86 /* ClockFace.jpg */,
			);
			path = AnalogClock;
			sourceTree = "<group>";
		};
		4C1A7B2E225715A8004B4FC2 /* Source */ = {
			isa = PBXGroup;
			children = (
				4C2C13942256F26E00503F81 /* Extension */,
				D65EC4022256471A000D01B6 /* AnalogClockView.swift */,
			);
			path = Source;
			sourceTree = "<group>";
		};
		4C2C13942256F26E00503F81 /* Extension */ = {
			isa = PBXGroup;
			children = (
				4C2C13952256F28300503F81 /* Date+Extension.swift */,
			);
			path = Extension;
			sourceTree = "<group>";
		};
/* End PBXGroup section */

/* Begin PBXNativeTarget section */
		1089D8DA1F46EBD700105D86 /* AnalogClock */ = {
			isa = PBXNativeTarget;
			buildConfigurationList = 1089D8ED1F46EBD800105D86 /* Build configuration list for PBXNativeTarget "AnalogClock" */;
			buildPhases = (
				1089D8D71F46EBD700105D86 /* Sources */,
				1089D8D81F46EBD700105D86 /* Frameworks */,
				1089D8D91F46EBD700105D86 /* Resources */,
			);
			buildRules = (
			);
			dependencies = (
			);
			name = AnalogClock;
			productName = AnalogClock;
			productReference = 1089D8DB1F46EBD800105D86 /* AnalogClock.app */;
			productType = "com.apple.product-type.application";
		};
/* End PBXNativeTarget section */

/* Begin PBXProject section */
		1089D8D31F46EBD700105D86 /* Project object */ = {
			isa = PBXProject;
			attributes = {
				LastSwiftUpdateCheck = 0820;
				LastUpgradeCheck = 1010;
				ORGANIZATIONNAME = "Boominadha Prakash";
				TargetAttributes = {
					1089D8DA1F46EBD700105D86 = {
						CreatedOnToolsVersion = 8.2.1;
						LastSwiftMigration = 1010;
						ProvisioningStyle = Automatic;
					};
				};
			};
			buildConfigurationList = 1089D8D61F46EBD700105D86 /* Build configuration list for PBXProject "AnalogClock" */;
			compatibilityVersion = "Xcode 3.2";
			developmentRegion = English;
			hasScannedForEncodings = 0;
			knownRegions = (
				en,
				Base,
			);
			mainGroup = 1089D8D21F46EBD700105D86;
			productRefGroup = 1089D8DC1F46EBD800105D86 /* Products */;
			projectDirPath = "";
			projectRoot = "";
			targets = (
				1089D8DA1F46EBD700105D86 /* AnalogClock */,
			);
		};
/* End PBXProject section */

/* Begin PBXResourcesBuildPhase section */
		1089D8D91F46EBD700105D86 /* Resources */ = {
			isa = PBXResourcesBuildPhase;
			buildActionMask = 2147483647;
			files = (
				1089D8E91F46EBD800105D86 /* LaunchScreen.storyboard in Resources */,
				1089D8E61F46EBD800105D86 /* Assets.xcassets in Resources */,
				1089D8E41F46EBD800105D86 /* Main.storyboard in Resources */,
				1089D8F31F46FCF200105D86 /* ClockFace.jpg in Resources */,
			);
			runOnlyForDeploymentPostprocessing = 0;
		};
/* End PBXResourcesBuildPhase section */

/* Begin PBXSourcesBuildPhase section */
		1089D8D71F46EBD700105D86 /* Sources */ = {
			isa = PBXSourcesBuildPhase;
			buildActionMask = 2147483647;
			files = (
				D65EC4032256471A000D01B6 /* AnalogClockView.swift in Sources */,
				4C2C13962256F28300503F81 /* Date+Extension.swift in Sources */,
				1089D8E11F46EBD800105D86 /* ViewController.swift in Sources */,
				1089D8DF1F46EBD800105D86 /* AppDelegate.swift in Sources */,
			);
			runOnlyForDeploymentPostprocessing = 0;
		};
/* End PBXSourcesBuildPhase section */

/* Begin PBXVariantGroup section */
		1089D8E21F46EBD800105D86 /* Main.storyboard */ = {
			isa = PBXVariantGroup;
			children = (
				1089D8E31F46EBD800105D86 /* Base */,
			);
			name = Main.storyboard;
			sourceTree = "<group>";
		};
		1089D8E71F46EBD800105D86 /* LaunchScreen.storyboard */ = {
			isa = PBXVariantGroup;
			children = (
				1089D8E81F46EBD800105D86 /* Base */,
			);
			name = LaunchScreen.storyboard;
			sourceTree = "<group>";
		};
/* End PBXVariantGroup section */

/* Begin XCBuildConfiguration section */
		1089D8EB1F46EBD800105D86 /* Debug */ = {
			isa = XCBuildConfiguration;
			buildSettings = {
				ALWAYS_SEARCH_USER_PATHS = NO;
				CLANG_ANALYZER_NONNULL = YES;
				CLANG_CXX_LANGUAGE_STANDARD = "gnu++0x";
				CLANG_CXX_LIBRARY = "libc++";
				CLANG_ENABLE_MODULES = YES;
				CLANG_ENABLE_OBJC_ARC = YES;
				CLANG_WARN_BLOCK_CAPTURE_AUTORELEASING = YES;
				CLANG_WARN_BOOL_CONVERSION = YES;
				CLANG_WARN_COMMA = YES;
				CLANG_WARN_CONSTANT_CONVERSION = YES;
				CLANG_WARN_DEPRECATED_OBJC_IMPLEMENTATIONS = YES;
				CLANG_WARN_DIRECT_OBJC_ISA_USAGE = YES_ERROR;
				CLANG_WARN_DOCUMENTATION_COMMENTS = YES;
				CLANG_WARN_EMPTY_BODY = YES;
				CLANG_WARN_ENUM_CONVERSION = YES;
				CLANG_WARN_INFINITE_RECURSION = YES;
				CLANG_WARN_INT_CONVERSION = YES;
				CLANG_WARN_NON_LITERAL_NULL_CONVERSION = YES;
				CLANG_WARN_OBJC_IMPLICIT_RETAIN_SELF = YES;
				CLANG_WARN_OBJC_LITERAL_CONVERSION = YES;
				CLANG_WARN_OBJC_ROOT_CLASS = YES_ERROR;
				CLANG_WARN_RANGE_LOOP_ANALYSIS = YES;
				CLANG_WARN_STRICT_PROTOTYPES = YES;
				CLANG_WARN_SUSPICIOUS_MOVE = YES;
				CLANG_WARN_UNREACHABLE_CODE = YES;
				CLANG_WARN__DUPLICATE_METHOD_MATCH = YES;
				"CODE_SIGN_IDENTITY[sdk=iphoneos*]" = "iPhone Developer";
				COPY_PHASE_STRIP = NO;
				DEBUG_INFORMATION_FORMAT = dwarf;
				ENABLE_STRICT_OBJC_MSGSEND = YES;
				ENABLE_TESTABILITY = YES;
				GCC_C_LANGUAGE_STANDARD = gnu99;
				GCC_DYNAMIC_NO_PIC = NO;
				GCC_NO_COMMON_BLOCKS = YES;
				GCC_OPTIMIZATION_LEVEL = 0;
				GCC_PREPROCESSOR_DEFINITIONS = (
					"DEBUG=1",
					"$(inherited)",
				);
				GCC_WARN_64_TO_32_BIT_CONVERSION = YES;
				GCC_WARN_ABOUT_RETURN_TYPE = YES_ERROR;
				GCC_WARN_UNDECLARED_SELECTOR = YES;
				GCC_WARN_UNINITIALIZED_AUTOS = YES_AGGRESSIVE;
				GCC_WARN_UNUSED_FUNCTION = YES;
				GCC_WARN_UNUSED_VARIABLE = YES;
				IPHONEOS_DEPLOYMENT_TARGET = 10.2;
				MTL_ENABLE_DEBUG_INFO = YES;
				ONLY_ACTIVE_ARCH = YES;
				SDKROOT = iphoneos;
				SWIFT_ACTIVE_COMPILATION_CONDITIONS = DEBUG;
				SWIFT_OPTIMIZATION_LEVEL = "-Onone";
			};
			name = Debug;
		};
		1089D8EC1F46EBD800105D86 /* Release */ = {
			isa = XCBuildConfiguration;
			buildSettings = {
				ALWAYS_SEARCH_USER_PATHS = NO;
				CLANG_ANALYZER_NONNULL = YES;
				CLANG_CXX_LANGUAGE_STANDARD = "gnu++0x";
				CLANG_CXX_LIBRARY = "libc++";
				CLANG_ENABLE_MODULES = YES;
				CLANG_ENABLE_OBJC_ARC = YES;
				CLANG_WARN_BLOCK_CAPTURE_AUTORELEASING = YES;
				CLANG_WARN_BOOL_CONVERSION = YES;
				CLANG_WARN_COMMA = YES;
				CLANG_WARN_CONSTANT_CONVERSION = YES;
				CLANG_WARN_DEPRECATED_OBJC_IMPLEMENTATIONS = YES;
				CLANG_WARN_DIRECT_OBJC_ISA_USAGE = YES_ERROR;
				CLANG_WARN_DOCUMENTATION_COMMENTS = YES;
				CLANG_WARN_EMPTY_BODY = YES;
				CLANG_WARN_ENUM_CONVERSION = YES;
				CLANG_WARN_INFINITE_RECURSION = YES;
				CLANG_WARN_INT_CONVERSION = YES;
				CLANG_WARN_NON_LITERAL_NULL_CONVERSION = YES;
				CLANG_WARN_OBJC_IMPLICIT_RETAIN_SELF = YES;
				CLANG_WARN_OBJC_LITERAL_CONVERSION = YES;
				CLANG_WARN_OBJC_ROOT_CLASS = YES_ERROR;
				CLANG_WARN_RANGE_LOOP_ANALYSIS = YES;
				CLANG_WARN_STRICT_PROTOTYPES = YES;
				CLANG_WARN_SUSPICIOUS_MOVE = YES;
				CLANG_WARN_UNREACHABLE_CODE = YES;
				CLANG_WARN__DUPLICATE_METHOD_MATCH = YES;
				"CODE_SIGN_IDENTITY[sdk=iphoneos*]" = "iPhone Developer";
				COPY_PHASE_STRIP = NO;
				DEBUG_INFORMATION_FORMAT = "dwarf-with-dsym";
				ENABLE_NS_ASSERTIONS = NO;
				ENABLE_STRICT_OBJC_MSGSEND = YES;
				GCC_C_LANGUAGE_STANDARD = gnu99;
				GCC_NO_COMMON_BLOCKS = YES;
				GCC_WARN_64_TO_32_BIT_CONVERSION = YES;
				GCC_WARN_ABOUT_RETURN_TYPE = YES_ERROR;
				GCC_WARN_UNDECLARED_SELECTOR = YES;
				GCC_WARN_UNINITIALIZED_AUTOS = YES_AGGRESSIVE;
				GCC_WARN_UNUSED_FUNCTION = YES;
				GCC_WARN_UNUSED_VARIABLE = YES;
				IPHONEOS_DEPLOYMENT_TARGET = 10.2;
				MTL_ENABLE_DEBUG_INFO = NO;
				SDKROOT = iphoneos;
				SWIFT_OPTIMIZATION_LEVEL = "-Owholemodule";
				VALIDATE_PRODUCT = YES;
			};
			name = Release;
		};
		1089D8EE1F46EBD800105D86 /* Debug */ = {
			isa = XCBuildConfiguration;
			buildSettings = {
				ASSETCATALOG_COMPILER_APPICON_NAME = AppIcon;
				INFOPLIST_FILE = AnalogClock/Info.plist;
				LD_RUNPATH_SEARCH_PATHS = "$(inherited) @executable_path/Frameworks";
				PRODUCT_BUNDLE_IDENTIFIER = com.boomi.AnalogClock;
				PRODUCT_NAME = "$(TARGET_NAME)";
				SWIFT_SWIFT3_OBJC_INFERENCE = Default;
				SWIFT_VERSION = 4.2;
			};
			name = Debug;
		};
		1089D8EF1F46EBD800105D86 /* Release */ = {
			isa = XCBuildConfiguration;
			buildSettings = {
				ASSETCATALOG_COMPILER_APPICON_NAME = AppIcon;
				INFOPLIST_FILE = AnalogClock/Info.plist;
				LD_RUNPATH_SEARCH_PATHS = "$(inherited) @executable_path/Frameworks";
				PRODUCT_BUNDLE_IDENTIFIER = com.boomi.AnalogClock;
				PRODUCT_NAME = "$(TARGET_NAME)";
				SWIFT_SWIFT3_OBJC_INFERENCE = Default;
				SWIFT_VERSION = 4.2;
			};
			name = Release;
		};
/* End XCBuildConfiguration section */

/* Begin XCConfigurationList section */
		1089D8D61F46EBD700105D86 /* Build configuration list for PBXProject "AnalogClock" */ = {
			isa = XCConfigurationList;
			buildConfigurations = (
				1089D8EB1F46EBD800105D86 /* Debug */,
				1089D8EC1F46EBD800105D86 /* Release */,
			);
			defaultConfigurationIsVisible = 0;
			defaultConfigurationName = Release;
		};
		1089D8ED1F46EBD800105D86 /* Build configuration list for PBXNativeTarget "AnalogClock" */ = {
			isa = XCConfigurationList;
			buildConfigurations = (
				1089D8EE1F46EBD800105D86 /* Debug */,
				1089D8EF1F46EBD800105D86 /* Release */,
			);
			defaultConfigurationIsVisible = 0;
			defaultConfigurationName = Release;
		};
/* End XCConfigurationList section */
	};
	rootObject = 1089D8D31F46EBD700105D86 /* Project object */;
}
